// !$*UTF8*$!
{
	archiveVersion = 1;
	classes = {
	};
	objectVersion = 56;
	objects = {

/* Begin PBXBuildFile section */
		E4E9FEAD2A078ABA001056FF /* ResultViewController.swift in Sources */ = {isa = PBXBuildFile; fileRef = E4E9FEAC2A078ABA001056FF /* ResultViewController.swift */; };
		E4F486572A04EF4A000EBD9B /* AppDelegate.swift in Sources */ = {isa = PBXBuildFile; fileRef = E4F486562A04EF4A000EBD9B /* AppDelegate.swift */; };
		E4F486592A04EF4A000EBD9B /* SceneDelegate.swift in Sources */ = {isa = PBXBuildFile; fileRef = E4F486582A04EF4A000EBD9B /* SceneDelegate.swift */; };
		E4F4865B2A04EF4A000EBD9B /* ViewController.swift in Sources */ = {isa = PBXBuildFile; fileRef = E4F4865A2A04EF4A000EBD9B /* ViewController.swift */; };
		E4F4865E2A04EF4A000EBD9B /* Main.storyboard in Resources */ = {isa = PBXBuildFile; fileRef = E4F4865C2A04EF4A000EBD9B /* Main.storyboard */; };
		E4F486602A04EF4C000EBD9B /* Assets.xcassets in Resources */ = {isa = PBXBuildFile; fileRef = E4F4865F2A04EF4C000EBD9B /* Assets.xcassets */; };
		E4F486632A04EF4C000EBD9B /* LaunchScreen.storyboard in Resources */ = {isa = PBXBuildFile; fileRef = E4F486612A04EF4C000EBD9B /* LaunchScreen.storyboard */; };
		E4F486842A04EF93000EBD9B /* bgBlue.png in Resources */ = {isa = PBXBuildFile; fileRef = E4F4866C2A04EF93000EBD9B /* bgBlue.png */; };
		E4F486852A04EF93000EBD9B /* bgGreen.png in Resources */ = {isa = PBXBuildFile; fileRef = E4F4866D2A04EF93000EBD9B /* bgGreen.png */; };
		E4F486862A04EF93000EBD9B /* gacha.png in Resources */ = {isa = PBXBuildFile; fileRef = E4F4866E2A04EF93000EBD9B /* gacha.png */; };
		E4F486872A04EF93000EBD9B /* bgRed.png in Resources */ = {isa = PBXBuildFile; fileRef = E4F4866F2A04EF93000EBD9B /* bgRed.png */; };
		E4F486882A04EF93000EBD9B /* Presentbox.png in Resources */ = {isa = PBXBuildFile; fileRef = E4F486702A04EF93000EBD9B /* Presentbox.png */; };
		E4F486892A04EF93000EBD9B /* mediaArt.png in Resources */ = {isa = PBXBuildFile; fileRef = E4F486722A04EF93000EBD9B /* mediaArt.png */; };
		E4F4868A2A04EF93000EBD9B /* digitalMusic.png in Resources */ = {isa = PBXBuildFile; fileRef = E4F486732A04EF93000EBD9B /* digitalMusic.png */; };
		E4F4868B2A04EF93000EBD9B /* unity.png in Resources */ = {isa = PBXBuildFile; fileRef = E4F486742A04EF93000EBD9B /* unity.png */; };
		E4F4868C2A04EF93000EBD9B /* designer.png in Resources */ = {isa = PBXBuildFile; fileRef = E4F486752A04EF93000EBD9B /* designer.png */; };
		E4F4868D2A04EF93000EBD9B /* movie.png in Resources */ = {isa = PBXBuildFile; fileRef = E4F486762A04EF93000EBD9B /* movie.png */; };
		E4F4868E2A04EF93000EBD9B /* animation.png in Resources */ = {isa = PBXBuildFile; fileRef = E4F486772A04EF93000EBD9B /* animation.png */; };
		E4F4868F2A04EF93000EBD9B /* webService.png in Resources */ = {isa = PBXBuildFile; fileRef = E4F486782A04EF93000EBD9B /* webService.png */; };
		E4F486902A04EF93000EBD9B /* android.png in Resources */ = {isa = PBXBuildFile; fileRef = E4F486792A04EF93000EBD9B /* android.png */; };
		E4F486912A04EF93000EBD9B /* IoTMesh.png in Resources */ = {isa = PBXBuildFile; fileRef = E4F4867A2A04EF93000EBD9B /* IoTMesh.png */; };
		E4F486922A04EF93000EBD9B /* minecraft.png in Resources */ = {isa = PBXBuildFile; fileRef = E4F4867B2A04EF93000EBD9B /* minecraft.png */; };
		E4F486932A04EF93000EBD9B /* maya.png in Resources */ = {isa = PBXBuildFile; fileRef = E4F4867C2A04EF93000EBD9B /* maya.png */; };
		E4F486942A04EF93000EBD9B /* iphone.png in Resources */ = {isa = PBXBuildFile; fileRef = E4F4867D2A04EF93000EBD9B /* iphone.png */; };
		E4F486952A04EF93000EBD9B /* webDesign.png in Resources */ = {isa = PBXBuildFile; fileRef = E4F4867E2A04EF93000EBD9B /* webDesign.png */; };
		E4F486962A04EF93000EBD9B /* README.txt in Resources */ = {isa = PBXBuildFile; fileRef = E4F4867F2A04EF93000EBD9B /* README.txt */; };
		E4F486972A04EF93000EBD9B /* miku.png in Resources */ = {isa = PBXBuildFile; fileRef = E4F486802A04EF93000EBD9B /* miku.png */; };
		E4F486982A04EF93000EBD9B /* 2DGame.png in Resources */ = {isa = PBXBuildFile; fileRef = E4F486812A04EF93000EBD9B /* 2DGame.png */; };
		E4F486992A04EF93000EBD9B /* line.png in Resources */ = {isa = PBXBuildFile; fileRef = E4F486822A04EF93000EBD9B /* line.png */; };
		E4F4869A2A04EF93000EBD9B /* camera.png in Resources */ = {isa = PBXBuildFile; fileRef = E4F486832A04EF93000EBD9B /* camera.png */; };
/* End PBXBuildFile section */

/* Begin PBXFileReference section */
		E4E9FEAC2A078ABA001056FF /* ResultViewController.swift */ = {isa = PBXFileReference; lastKnownFileType = sourcecode.swift; path = ResultViewController.swift; sourceTree = "<group>"; };
		E4F486532A04EF4A000EBD9B /* Gatya.app */ = {isa = PBXFileReference; explicitFileType = wrapper.application; includeInIndex = 0; path = Gatya.app; sourceTree = BUILT_PRODUCTS_DIR; };
		E4F486562A04EF4A000EBD9B /* AppDelegate.swift */ = {isa = PBXFileReference; lastKnownFileType = sourcecode.swift; path = AppDelegate.swift; sourceTree = "<group>"; };
		E4F486582A04EF4A000EBD9B /* SceneDelegate.swift */ = {isa = PBXFileReference; lastKnownFileType = sourcecode.swift; path = SceneDelegate.swift; sourceTree = "<group>"; };
		E4F4865A2A04EF4A000EBD9B /* ViewController.swift */ = {isa = PBXFileReference; lastKnownFileType = sourcecode.swift; path = ViewController.swift; sourceTree = "<group>"; };
		E4F4865D2A04EF4A000EBD9B /* Base */ = {isa = PBXFileReference; lastKnownFileType = file.storyboard; name = Base; path = Base.lproj/Main.storyboard; sourceTree = "<group>"; };
		E4F4865F2A04EF4C000EBD9B /* Assets.xcassets */ = {isa = PBXFileReference; lastKnownFileType = folder.assetcatalog; path = Assets.xcassets; sourceTree = "<group>"; };
		E4F486622A04EF4C000EBD9B /* Base */ = {isa = PBXFileReference; lastKnownFileType = file.storyboard; name = Base; path = Base.lproj/LaunchScreen.storyboard; sourceTree = "<group>"; };
		E4F486642A04EF4C000EBD9B /* Info.plist */ = {isa = PBXFileReference; lastKnownFileType = text.plist.xml; path = Info.plist; sourceTree = "<group>"; };
		E4F4866C2A04EF93000EBD9B /* bgBlue.png */ = {isa = PBXFileReference; lastKnownFileType = image.png; path = bgBlue.png; sourceTree = "<group>"; };
		E4F4866D2A04EF93000EBD9B /* bgGreen.png */ = {isa = PBXFileReference; lastKnownFileType = image.png; path = bgGreen.png; sourceTree = "<group>"; };
		E4F4866E2A04EF93000EBD9B /* gacha.png */ = {isa = PBXFileReference; lastKnownFileType = image.png; path = gacha.png; sourceTree = "<group>"; };
		E4F4866F2A04EF93000EBD9B /* bgRed.png */ = {isa = PBXFileReference; lastKnownFileType = image.png; path = bgRed.png; sourceTree = "<group>"; };
		E4F486702A04EF93000EBD9B /* Presentbox.png */ = {isa = PBXFileReference; lastKnownFileType = image.png; path = Presentbox.png; sourceTree = "<group>"; };
		E4F486722A04EF93000EBD9B /* mediaArt.png */ = {isa = PBXFileReference; lastKnownFileType = image.png; path = mediaArt.png; sourceTree = "<group>"; };
		E4F486732A04EF93000EBD9B /* digitalMusic.png */ = {isa = PBXFileReference; lastKnownFileType = image.png; path = digitalMusic.png; sourceTree = "<group>"; };
		E4F486742A04EF93000EBD9B /* unity.png */ = {isa = PBXFileReference; lastKnownFileType = image.png; path = unity.png; sourceTree = "<group>"; };
		E4F486752A04EF93000EBD9B /* designer.png */ = {isa = PBXFileReference; lastKnownFileType = image.png; path = designer.png; sourceTree = "<group>"; };
		E4F486762A04EF93000EBD9B /* movie.png */ = {isa = PBXFileReference; lastKnownFileType = image.png; path = movie.png; sourceTree = "<group>"; };
		E4F486772A04EF93000EBD9B /* animation.png */ = {isa = PBXFileReference; lastKnownFileType = image.png; path = animation.png; sourceTree = "<group>"; };
		E4F486782A04EF93000EBD9B /* webService.png */ = {isa = PBXFileReference; lastKnownFileType = image.png; path = webService.png; sourceTree = "<group>"; };
		E4F486792A04EF93000EBD9B /* android.png */ = {isa = PBXFileReference; lastKnownFileType = image.png; path = android.png; sourceTree = "<group>"; };
		E4F4867A2A04EF93000EBD9B /* IoTMesh.png */ = {isa = PBXFileReference; lastKnownFileType = image.png; path = IoTMesh.png; sourceTree = "<group>"; };
		E4F4867B2A04EF93000EBD9B /* minecraft.png */ = {isa = PBXFileReference; lastKnownFileType = image.png; path = minecraft.png; sourceTree = "<group>"; };
		E4F4867C2A04EF93000EBD9B /* maya.png */ = {isa = PBXFileReference; lastKnownFileType = image.png; path = maya.png; sourceTree = "<group>"; };
		E4F4867D2A04EF93000EBD9B /* iphone.png */ = {isa = PBXFileReference; lastKnownFileType = image.png; path = iphone.png; sourceTree = "<group>"; };
		E4F4867E2A04EF93000EBD9B /* webDesign.png */ = {isa = PBXFileReference; lastKnownFileType = image.png; path = webDesign.png; sourceTree = "<group>"; };
		E4F4867F2A04EF93000EBD9B /* README.txt */ = {isa = PBXFileReference; fileEncoding = 4; lastKnownFileType = text; path = README.txt; sourceTree = "<group>"; };
		E4F486802A04EF93000EBD9B /* miku.png */ = {isa = PBXFileReference; lastKnownFileType = image.png; path = miku.png; sourceTree = "<group>"; };
		E4F486812A04EF93000EBD9B /* 2DGame.png */ = {isa = PBXFileReference; lastKnownFileType = image.png; path = 2DGame.png; sourceTree = "<group>"; };
		E4F486822A04EF93000EBD9B /* line.png */ = {isa = PBXFileReference; lastKnownFileType = image.png; path = line.png; sourceTree = "<group>"; };
		E4F486832A04EF93000EBD9B /* camera.png */ = {isa = PBXFileReference; lastKnownFileType = image.png; path = camera.png; sourceTree = "<group>"; };
/* End PBXFileReference section */

/* Begin PBXFrameworksBuildPhase section */
		E4F486502A04EF4A000EBD9B /* Frameworks */ = {
			isa = PBXFrameworksBuildPhase;
			buildActionMask = 2147483647;
			files = (
			);
			runOnlyForDeploymentPostprocessing = 0;
		};
/* End PBXFrameworksBuildPhase section */

/* Begin PBXGroup section */
		E4F4864A2A04EF4A000EBD9B = {
			isa = PBXGroup;
			children = (
				E4E9FEAC2A078ABA001056FF /* ResultViewController.swift */,
				E4F486552A04EF4A000EBD9B /* Gatya */,
				E4F486542A04EF4A000EBD9B /* Products */,
			);
			sourceTree = "<group>";
		};
		E4F486542A04EF4A000EBD9B /* Products */ = {
			isa = PBXGroup;
			children = (
				E4F486532A04EF4A000EBD9B /* Gatya.app */,
			);
			name = Products;
			sourceTree = "<group>";
		};
		E4F486552A04EF4A000EBD9B /* Gatya */ = {
			isa = PBXGroup;
			children = (
				E4F486562A04EF4A000EBD9B /* AppDelegate.swift */,
				E4F486582A04EF4A000EBD9B /* SceneDelegate.swift */,
				E4F4865A2A04EF4A000EBD9B /* ViewController.swift */,
				E4F4865C2A04EF4A000EBD9B /* Main.storyboard */,
				E4F4865F2A04EF4C000EBD9B /* Assets.xcassets */,
				E4F486612A04EF4C000EBD9B /* LaunchScreen.storyboard */,
				E4F486642A04EF4C000EBD9B /* Info.plist */,
				E4F4866A2A04EF93000EBD9B /* GachaResources */,
			);
			path = Gatya;
			sourceTree = "<group>";
		};
		E4F4866A2A04EF93000EBD9B /* GachaResources */ = {
			isa = PBXGroup;
			children = (
				E4F4866B2A04EF93000EBD9B /* background */,
				E4F486712A04EF93000EBD9B /* character */,
			);
			path = GachaResources;
			sourceTree = "<group>";
		};
		E4F4866B2A04EF93000EBD9B /* background */ = {
			isa = PBXGroup;
			children = (
				E4F4866C2A04EF93000EBD9B /* bgBlue.png */,
				E4F4866D2A04EF93000EBD9B /* bgGreen.png */,
				E4F4866E2A04EF93000EBD9B /* gacha.png */,
				E4F4866F2A04EF93000EBD9B /* bgRed.png */,
				E4F486702A04EF93000EBD9B /* Presentbox.png */,
			);
			path = background;
			sourceTree = "<group>";
		};
		E4F486712A04EF93000EBD9B /* character */ = {
			isa = PBXGroup;
			children = (
				E4F486722A04EF93000EBD9B /* mediaArt.png */,
				E4F486732A04EF93000EBD9B /* digitalMusic.png */,
				E4F486742A04EF93000EBD9B /* unity.png */,
				E4F486752A04EF93000EBD9B /* designer.png */,
				E4F486762A04EF93000EBD9B /* movie.png */,
				E4F486772A04EF93000EBD9B /* animation.png */,
				E4F486782A04EF93000EBD9B /* webService.png */,
				E4F486792A04EF93000EBD9B /* android.png */,
				E4F4867A2A04EF93000EBD9B /* IoTMesh.png */,
				E4F4867B2A04EF93000EBD9B /* minecraft.png */,
				E4F4867C2A04EF93000EBD9B /* maya.png */,
				E4F4867D2A04EF93000EBD9B /* iphone.png */,
				E4F4867E2A04EF93000EBD9B /* webDesign.png */,
				E4F4867F2A04EF93000EBD9B /* README.txt */,
				E4F486802A04EF93000EBD9B /* miku.png */,
				E4F486812A04EF93000EBD9B /* 2DGame.png */,
				E4F486822A04EF93000EBD9B /* line.png */,
				E4F486832A04EF93000EBD9B /* camera.png */,
			);
			path = character;
			sourceTree = "<group>";
		};
/* End PBXGroup section */

/* Begin PBXNativeTarget section */
		E4F486522A04EF4A000EBD9B /* Gatya */ = {
			isa = PBXNativeTarget;
			buildConfigurationList = E4F486672A04EF4C000EBD9B /* Build configuration list for PBXNativeTarget "Gatya" */;
			buildPhases = (
				E4F4864F2A04EF4A000EBD9B /* Sources */,
				E4F486502A04EF4A000EBD9B /* Frameworks */,
				E4F486512A04EF4A000EBD9B /* Resources */,
			);
			buildRules = (
			);
			dependencies = (
			);
			name = Gatya;
			productName = Gatya;
			productReference = E4F486532A04EF4A000EBD9B /* Gatya.app */;
			productType = "com.apple.product-type.application";
		};
/* End PBXNativeTarget section */

/* Begin PBXProject section */
		E4F4864B2A04EF4A000EBD9B /* Project object */ = {
			isa = PBXProject;
			attributes = {
				BuildIndependentTargetsInParallel = 1;
				LastSwiftUpdateCheck = 1430;
				LastUpgradeCheck = 1430;
				TargetAttributes = {
					E4F486522A04EF4A000EBD9B = {
						CreatedOnToolsVersion = 14.3;
					};
				};
			};
			buildConfigurationList = E4F4864E2A04EF4A000EBD9B /* Build configuration list for PBXProject "Gatya" */;
			compatibilityVersion = "Xcode 14.0";
			developmentRegion = en;
			hasScannedForEncodings = 0;
			knownRegions = (
				en,
				Base,
			);
			mainGroup = E4F4864A2A04EF4A000EBD9B;
			productRefGroup = E4F486542A04EF4A000EBD9B /* Products */;
			projectDirPath = "";
			projectRoot = "";
			targets = (
				E4F486522A04EF4A000EBD9B /* Gatya */,
			);
		};
/* End PBXProject section */

/* Begin PBXResourcesBuildPhase section */
		E4F486512A04EF4A000EBD9B /* Resources */ = {
			isa = PBXResourcesBuildPhase;
			buildActionMask = 2147483647;
			files = (
				E4F486632A04EF4C000EBD9B /* LaunchScreen.storyboard in Resources */,
				E4F486892A04EF93000EBD9B /* mediaArt.png in Resources */,
				E4F486962A04EF93000EBD9B /* README.txt in Resources */,
				E4F4868A2A04EF93000EBD9B /* digitalMusic.png in Resources */,
				E4F486872A04EF93000EBD9B /* bgRed.png in Resources */,
				E4F4868D2A04EF93000EBD9B /* movie.png in Resources */,
				E4F4869A2A04EF93000EBD9B /* camera.png in Resources */,
				E4F486922A04EF93000EBD9B /* minecraft.png in Resources */,
				E4F486952A04EF93000EBD9B /* webDesign.png in Resources */,
				E4F4868C2A04EF93000EBD9B /* designer.png in Resources */,
				E4F4868F2A04EF93000EBD9B /* webService.png in Resources */,
				E4F486602A04EF4C000EBD9B /* Assets.xcassets in Resources */,
				E4F486882A04EF93000EBD9B /* Presentbox.png in Resources */,
				E4F4868B2A04EF93000EBD9B /* unity.png in Resources */,
				E4F486982A04EF93000EBD9B /* 2DGame.png in Resources */,
				E4F486912A04EF93000EBD9B /* IoTMesh.png in Resources */,
				E4F486942A04EF93000EBD9B /* iphone.png in Resources */,
				E4F486992A04EF93000EBD9B /* line.png in Resources */,
				E4F486932A04EF93000EBD9B /* maya.png in Resources */,
				E4F486972A04EF93000EBD9B /* miku.png in Resources */,
				E4F486852A04EF93000EBD9B /* bgGreen.png in Resources */,
				E4F486842A04EF93000EBD9B /* bgBlue.png in Resources */,
				E4F486862A04EF93000EBD9B /* gacha.png in Resources */,
				E4F4868E2A04EF93000EBD9B /* animation.png in Resources */,
				E4F4865E2A04EF4A000EBD9B /* Main.storyboard in Resources */,
				E4F486902A04EF93000EBD9B /* android.png in Resources */,
			);
			runOnlyForDeploymentPostprocessing = 0;
		};
/* End PBXResourcesBuildPhase section */

/* Begin PBXSourcesBuildPhase section */
		E4F4864F2A04EF4A000EBD9B /* Sources */ = {
			isa = PBXSourcesBuildPhase;
			buildActionMask = 2147483647;
			files = (
				E4F4865B2A04EF4A000EBD9B /* ViewController.swift in Sources */,
				E4F486572A04EF4A000EBD9B /* AppDelegate.swift in Sources */,
				E4F486592A04EF4A000EBD9B /* SceneDelegate.swift in Sources */,
				E4E9FEAD2A078ABA001056FF /* ResultViewController.swift in Sources */,
			);
			runOnlyForDeploymentPostprocessing = 0;
		};
/* End PBXSourcesBuildPhase section */

/* Begin PBXVariantGroup section */
		E4F4865C2A04EF4A000EBD9B /* Main.storyboard */ = {
			isa = PBXVariantGroup;
			children = (
				E4F4865D2A04EF4A000EBD9B /* Base */,
			);
			name = Main.storyboard;
			sourceTree = "<group>";
		};
		E4F486612A04EF4C000EBD9B /* LaunchScreen.storyboard */ = {
			isa = PBXVariantGroup;
			children = (
				E4F486622A04EF4C000EBD9B /* Base */,
			);
			name = LaunchScreen.storyboard;
			sourceTree = "<group>";
		};
/* End PBXVariantGroup section */

/* Begin XCBuildConfiguration section */
		E4F486652A04EF4C000EBD9B /* Debug */ = {
			isa = XCBuildConfiguration;
			buildSettings = {
				ALWAYS_SEARCH_USER_PATHS = NO;
				CLANG_ANALYZER_NONNULL = YES;
				CLANG_ANALYZER_NUMBER_OBJECT_CONVERSION = YES_AGGRESSIVE;
				CLANG_CXX_LANGUAGE_STANDARD = "gnu++20";
				CLANG_ENABLE_MODULES = YES;
				CLANG_ENABLE_OBJC_ARC = YES;
				CLANG_ENABLE_OBJC_WEAK = YES;
				CLANG_WARN_BLOCK_CAPTURE_AUTORELEASING = YES;
				CLANG_WARN_BOOL_CONVERSION = YES;
				CLANG_WARN_COMMA = YES;
				CLANG_WARN_CONSTANT_CONVERSION = YES;
				CLANG_WARN_DEPRECATED_OBJC_IMPLEMENTATIONS = YES;
				CLANG_WARN_DIRECT_OBJC_ISA_USAGE = YES_ERROR;
				CLANG_WARN_DOCUMENTATION_COMMENTS = YES;
				CLANG_WARN_EMPTY_BODY = YES;
				CLANG_WARN_ENUM_CONVERSION = YES;
				CLANG_WARN_INFINITE_RECURSION = YES;
				CLANG_WARN_INT_CONVERSION = YES;
				CLANG_WARN_NON_LITERAL_NULL_CONVERSION = YES;
				CLANG_WARN_OBJC_IMPLICIT_RETAIN_SELF = YES;
				CLANG_WARN_OBJC_LITERAL_CONVERSION = YES;
				CLANG_WARN_OBJC_ROOT_CLASS = YES_ERROR;
				CLANG_WARN_QUOTED_INCLUDE_IN_FRAMEWORK_HEADER = YES;
				CLANG_WARN_RANGE_LOOP_ANALYSIS = YES;
				CLANG_WARN_STRICT_PROTOTYPES = YES;
				CLANG_WARN_SUSPICIOUS_MOVE = YES;
				CLANG_WARN_UNGUARDED_AVAILABILITY = YES_AGGRESSIVE;
				CLANG_WARN_UNREACHABLE_CODE = YES;
				CLANG_WARN__DUPLICATE_METHOD_MATCH = YES;
				COPY_PHASE_STRIP = NO;
				DEBUG_INFORMATION_FORMAT = dwarf;
				ENABLE_STRICT_OBJC_MSGSEND = YES;
				ENABLE_TESTABILITY = YES;
				GCC_C_LANGUAGE_STANDARD = gnu11;
				GCC_DYNAMIC_NO_PIC = NO;
				GCC_NO_COMMON_BLOCKS = YES;
				GCC_OPTIMIZATION_LEVEL = 0;
				GCC_PREPROCESSOR_DEFINITIONS = (
					"DEBUG=1",
					"$(inherited)",
				);
				GCC_WARN_64_TO_32_BIT_CONVERSION = YES;
				GCC_WARN_ABOUT_RETURN_TYPE = YES_ERROR;
				GCC_WARN_UNDECLARED_SELECTOR = YES;
				GCC_WARN_UNINITIALIZED_AUTOS = YES_AGGRESSIVE;
				GCC_WARN_UNUSED_FUNCTION = YES;
				GCC_WARN_UNUSED_VARIABLE = YES;
				IPHONEOS_DEPLOYMENT_TARGET = 16.4;
				MTL_ENABLE_DEBUG_INFO = INCLUDE_SOURCE;
				MTL_FAST_MATH = YES;
				ONLY_ACTIVE_ARCH = YES;
				SDKROOT = iphoneos;
				SWIFT_ACTIVE_COMPILATION_CONDITIONS = DEBUG;
				SWIFT_OPTIMIZATION_LEVEL = "-Onone";
			};
			name = Debug;
		};
		E4F486662A04EF4C000EBD9B /* Release */ = {
			isa = XCBuildConfiguration;
			buildSettings = {
				ALWAYS_SEARCH_USER_PATHS = NO;
				CLANG_ANALYZER_NONNULL = YES;
				CLANG_ANALYZER_NUMBER_OBJECT_CONVERSION = YES_AGGRESSIVE;
				CLANG_CXX_LANGUAGE_STANDARD = "gnu++20";
				CLANG_ENABLE_MODULES = YES;
				CLANG_ENABLE_OBJC_ARC = YES;
				CLANG_ENABLE_OBJC_WEAK = YES;
				CLANG_WARN_BLOCK_CAPTURE_AUTORELEASING = YES;
				CLANG_WARN_BOOL_CONVERSION = YES;
				CLANG_WARN_COMMA = YES;
				CLANG_WARN_CONSTANT_CONVERSION = YES;
				CLANG_WARN_DEPRECATED_OBJC_IMPLEMENTATIONS = YES;
				CLANG_WARN_DIRECT_OBJC_ISA_USAGE = YES_ERROR;
				CLANG_WARN_DOCUMENTATION_COMMENTS = YES;
				CLANG_WARN_EMPTY_BODY = YES;
				CLANG_WARN_ENUM_CONVERSION = YES;
				CLANG_WARN_INFINITE_RECURSION = YES;
				CLANG_WARN_INT_CONVERSION = YES;
				CLANG_WARN_NON_LITERAL_NULL_CONVERSION = YES;
				CLANG_WARN_OBJC_IMPLICIT_RETAIN_SELF = YES;
				CLANG_WARN_OBJC_LITERAL_CONVERSION = YES;
				CLANG_WARN_OBJC_ROOT_CLASS = YES_ERROR;
				CLANG_WARN_QUOTED_INCLUDE_IN_FRAMEWORK_HEADER = YES;
				CLANG_WARN_RANGE_LOOP_ANALYSIS = YES;
				CLANG_WARN_STRICT_PROTOTYPES = YES;
				CLANG_WARN_SUSPICIOUS_MOVE = YES;
				CLANG_WARN_UNGUARDED_AVAILABILITY = YES_AGGRESSIVE;
				CLANG_WARN_UNREACHABLE_CODE = YES;
				CLANG_WARN__DUPLICATE_METHOD_MATCH = YES;
				COPY_PHASE_STRIP = NO;
				DEBUG_INFORMATION_FORMAT = "dwarf-with-dsym";
				ENABLE_NS_ASSERTIONS = NO;
				ENABLE_STRICT_OBJC_MSGSEND = YES;
				GCC_C_LANGUAGE_STANDARD = gnu11;
				GCC_NO_COMMON_BLOCKS = YES;
				GCC_WARN_64_TO_32_BIT_CONVERSION = YES;
				GCC_WARN_ABOUT_RETURN_TYPE = YES_ERROR;
				GCC_WARN_UNDECLARED_SELECTOR = YES;
				GCC_WARN_UNINITIALIZED_AUTOS = YES_AGGRESSIVE;
				GCC_WARN_UNUSED_FUNCTION = YES;
				GCC_WARN_UNUSED_VARIABLE = YES;
				IPHONEOS_DEPLOYMENT_TARGET = 16.4;
				MTL_ENABLE_DEBUG_INFO = NO;
				MTL_FAST_MATH = YES;
				SDKROOT = iphoneos;
				SWIFT_COMPILATION_MODE = wholemodule;
				SWIFT_OPTIMIZATION_LEVEL = "-O";
				VALIDATE_PRODUCT = YES;
			};
			name = Release;
		};
		E4F486682A04EF4C000EBD9B /* Debug */ = {
			isa = XCBuildConfiguration;
			buildSettings = {
				ASSETCATALOG_COMPILER_APPICON_NAME = AppIcon;
				ASSETCATALOG_COMPILER_GLOBAL_ACCENT_COLOR_NAME = AccentColor;
				CODE_SIGN_STYLE = Automatic;
				CURRENT_PROJECT_VERSION = 1;
				GENERATE_INFOPLIST_FILE = YES;
				INFOPLIST_FILE = Gatya/Info.plist;
				INFOPLIST_KEY_UIApplicationSupportsIndirectInputEvents = YES;
				INFOPLIST_KEY_UILaunchStoryboardName = LaunchScreen;
				INFOPLIST_KEY_UIMainStoryboardFile = Main;
				INFOPLIST_KEY_UISupportedInterfaceOrientations_iPad = "UIInterfaceOrientationPortrait UIInterfaceOrientationPortraitUpsideDown UIInterfaceOrientationLandscapeLeft UIInterfaceOrientationLandscapeRight";
				INFOPLIST_KEY_UISupportedInterfaceOrientations_iPhone = "UIInterfaceOrientationPortrait UIInterfaceOrientationLandscapeLeft UIInterfaceOrientationLandscapeRight";
				LD_RUNPATH_SEARCH_PATHS = (
					"$(inherited)",
					"@executable_path/Frameworks",
				);
				MARKETING_VERSION = 1.0;
				PRODUCT_BUNDLE_IDENTIFIER = app.suzuki.korissa.Gatya;
				PRODUCT_NAME = "$(TARGET_NAME)";
				SWIFT_EMIT_LOC_STRINGS = YES;
				SWIFT_VERSION = 5.0;
				TARGETED_DEVICE_FAMILY = "1,2";
			};
			name = Debug;
		};
		E4F486692A04EF4C000EBD9B /* Release */ = {
			isa = XCBuildConfiguration;
			buildSettings = {
				ASSETCATALOG_COMPILER_APPICON_NAME = AppIcon;
				ASSETCATALOG_COMPILER_GLOBAL_ACCENT_COLOR_NAME = AccentColor;
				CODE_SIGN_STYLE = Automatic;
				CURRENT_PROJECT_VERSION = 1;
				GENERATE_INFOPLIST_FILE = YES;
				INFOPLIST_FILE = Gatya/Info.plist;
				INFOPLIST_KEY_UIApplicationSupportsIndirectInputEvents = YES;
				INFOPLIST_KEY_UILaunchStoryboardName = LaunchScreen;
				INFOPLIST_KEY_UIMainStoryboardFile = Main;
				INFOPLIST_KEY_UISupportedInterfaceOrientations_iPad = "UIInterfaceOrientationPortrait UIInterfaceOrientationPortraitUpsideDown UIInterfaceOrientationLandscapeLeft UIInterfaceOrientationLandscapeRight";
				INFOPLIST_KEY_UISupportedInterfaceOrientations_iPhone = "UIInterfaceOrientationPortrait UIInterfaceOrientationLandscapeLeft UIInterfaceOrientationLandscapeRight";
				LD_RUNPATH_SEARCH_PATHS = (
					"$(inherited)",
					"@executable_path/Frameworks",
				);
				MARKETING_VERSION = 1.0;
				PRODUCT_BUNDLE_IDENTIFIER = app.suzuki.korissa.Gatya;
				PRODUCT_NAME = "$(TARGET_NAME)";
				SWIFT_EMIT_LOC_STRINGS = YES;
				SWIFT_VERSION = 5.0;
				TARGETED_DEVICE_FAMILY = "1,2";
			};
			name = Release;
		};
/* End XCBuildConfiguration section */

/* Begin XCConfigurationList section */
		E4F4864E2A04EF4A000EBD9B /* Build configuration list for PBXProject "Gatya" */ = {
			isa = XCConfigurationList;
			buildConfigurations = (
				E4F486652A04EF4C000EBD9B /* Debug */,
				E4F486662A04EF4C000EBD9B /* Release */,
			);
			defaultConfigurationIsVisible = 0;
			defaultConfigurationName = Release;
		};
		E4F486672A04EF4C000EBD9B /* Build configuration list for PBXNativeTarget "Gatya" */ = {
			isa = XCConfigurationList;
			buildConfigurations = (
				E4F486682A04EF4C000EBD9B /* Debug */,
				E4F486692A04EF4C000EBD9B /* Release */,
			);
			defaultConfigurationIsVisible = 0;
			defaultConfigurationName = Release;
		};
/* End XCConfigurationList section */
	};
	rootObject = E4F4864B2A04EF4A000EBD9B /* Project object */;
}
